
Microsoft Visual Studio Solution File, Format Version 12.00
# Visual Studio Version 17
VisualStudioVersion = 17.11.35327.3
MinimumVisualStudioVersion = 10.0.40219.1
Project("{8BC9CEB8-8B4A-11D0-8D11-00A0C91BC942}") = "Chapter6Ex16", "Chapter6Ex16.vcxproj", "{CC92E449-CB0E-4ED3-9462-96113D7B0343}"
EndProject
Global
	GlobalSection(SolutionConfigurationPlatforms) = preSolution
		Debug|x64 = Debug|x64
		Debug|x86 = Debug|x86
		Release|x64 = Release|x64
		Release|x86 = Release|x86
	EndGlobalSection
	GlobalSection(ProjectConfigurationPlatforms) = postSolution
		{CC92E449-CB0E-4ED3-9462-96113D7B0343}.Debug|x64.ActiveCfg = Debug|x64
		{CC92E449-CB0E-4ED3-9462-96113D7B0343}.Debug|x64.Build.0 = Debug|x64
		{CC92E449-CB0E-4ED3-9462-96113D7B0343}.Debug|x86.ActiveCfg = Debug|Win32
		{CC92E449-CB0E-4ED3-9462-96113D7B0343}.Debug|x86.Build.0 = Debug|Win32
		{CC92E449-CB0E-4ED3-9462-96113D7B0343}.Release|x64.ActiveCfg = Release|x64
		{CC92E449-CB0E-4ED3-9462-96113D7B0343}.Release|x64.Build.0 = Release|x64
		{CC92E449-CB0E-4ED3-9462-96113D7B0343}.Release|x86.ActiveCfg = Release|Win32
		{CC92E449-CB0E-4ED3-9462-96113D7B0343}.Release|x86.Build.0 = Release|Win32
	EndGlobalSection
	GlobalSection(SolutionProperties) = preSolution
		HideSolutionNode = FALSE
	EndGlobalSection
	GlobalSection(ExtensibilityGlobals) = postSolution
		SolutionGuid = {903AFE0E-3C01-41CF-BC8C-27F9E4A695BD}
	EndGlobalSection
EndGlobal
